
Microsoft Visual Studio Solution File, Format Version 10.00
# Visual C# Express 2008
Project("{FAE04EC0-301F-11D3-BF4B-00C04F79EFBC}") = "eid-dss-sdk-dotnet", "eid-dss-sdk-dotnet\eid-dss-sdk-dotnet.csproj", "{AB9F93FB-6405-4EDC-922A-8BA599204578}"
EndProject
Project("{FAE04EC0-301F-11D3-BF4B-00C04F79EFBC}") = "eid-dss-sdk-dotnet-test", "eid-dss-sdk-dotnet-test\eid-dss-sdk-dotnet-test.csproj", "{D5F3484B-6DF0-48C0-B1E8-62CA54870855}"
EndProject
Global
	GlobalSection(SolutionConfigurationPlatforms) = preSolution
		Debug|Any CPU = Debug|Any CPU
		Release|Any CPU = Release|Any CPU
	EndGlobalSection
	GlobalSection(ProjectConfigurationPlatforms) = postSolution
		{AB9F93FB-6405-4EDC-922A-8BA599204578}.Debug|Any CPU.ActiveCfg = Debug|Any CPU
		{AB9F93FB-6405-4EDC-922A-8BA599204578}.Debug|Any CPU.Build.0 = Debug|Any CPU
		{AB9F93FB-6405-4EDC-922A-8BA599204578}.Release|Any CPU.ActiveCfg = Release|Any CPU
		{AB9F93FB-6405-4EDC-922A-8BA599204578}.Release|Any CPU.Build.0 = Release|Any CPU
		{D5F3484B-6DF0-48C0-B1E8-62CA54870855}.Debug|Any CPU.ActiveCfg = Debug|Any CPU
		{D5F3484B-6DF0-48C0-B1E8-62CA54870855}.Debug|Any CPU.Build.0 = Debug|Any CPU
		{D5F3484B-6DF0-48C0-B1E8-62CA54870855}.Release|Any CPU.ActiveCfg = Release|Any CPU
		{D5F3484B-6DF0-48C0-B1E8-62CA54870855}.Release|Any CPU.Build.0 = Release|Any CPU
	EndGlobalSection
	GlobalSection(SolutionProperties) = preSolution
		HideSolutionNode = FALSE
	EndGlobalSection
EndGlobal
